
Microsoft Visual Studio Solution File, Format Version 12.00
# Visual Studio Version 16
VisualStudioVersion = 16.0.31112.23
MinimumVisualStudioVersion = 10.0.40219.1
Project("{FAE04EC0-301F-11D3-BF4B-00C04F79EFBC}") = "sampledemo1", "sampledemo1.csproj", "{8FADDCB5-2ECD-4533-AA67-28992D33B963}"
EndProject
Global
	GlobalSection(SolutionConfigurationPlatforms) = preSolution
		Debug|Any CPU = Debug|Any CPU
		Release|Any CPU = Release|Any CPU
	EndGlobalSection
	GlobalSection(ProjectConfigurationPlatforms) = postSolution
		{8FADDCB5-2ECD-4533-AA67-28992D33B963}.Debug|Any CPU.ActiveCfg = Debug|Any CPU
		{8FADDCB5-2ECD-4533-AA67-28992D33B963}.Debug|Any CPU.Build.0 = Debug|Any CPU
		{8FADDCB5-2ECD-4533-AA67-28992D33B963}.Release|Any CPU.ActiveCfg = Release|Any CPU
		{8FADDCB5-2ECD-4533-AA67-28992D33B963}.Release|Any CPU.Build.0 = Release|Any CPU
	EndGlobalSection
	GlobalSection(SolutionProperties) = preSolution
		HideSolutionNode = FALSE
	EndGlobalSection
	GlobalSection(ExtensibilityGlobals) = postSolution
		SolutionGuid = {17C122B2-AE7C-4BB3-A7A4-CC9A3E0ED2C8}
	EndGlobalSection
EndGlobal
